
Microsoft Visual Studio Solution File, Format Version 12.00
# Visual Studio 2013
VisualStudioVersion = 12.0.21005.1
MinimumVisualStudioVersion = 10.0.40219.1
Project("{FAE04EC0-301F-11D3-BF4B-00C04F79EFBC}") = "wphTweaks", "wphTweaks\wphTweaks.csproj", "{A590D980-68B0-4CB7-8276-5745AF3E3199}"
EndProject
Project("{FAE04EC0-301F-11D3-BF4B-00C04F79EFBC}") = "wphTweaksWP8", "wphTweaksWP8\wphTweaksWP8.csproj", "{BB56B9E6-2E31-4A62-81EE-170591DF84B1}"
EndProject
Project("{2150E333-8FDC-42A3-9474-1A3956D46DE8}") = ".nuget", ".nuget", "{2085F39E-017B-4EDC-973E-68365B96CC9C}"
	ProjectSection(SolutionItems) = preProject
		.nuget\NuGet.Config = .nuget\NuGet.Config
		.nuget\NuGet.exe = .nuget\NuGet.exe
		.nuget\NuGet.targets = .nuget\NuGet.targets
	EndProjectSection
EndProject
Global
	GlobalSection(SolutionConfigurationPlatforms) = preSolution
		Debug|Any CPU = Debug|Any CPU
		Debug|ARM = Debug|ARM
		Release|Any CPU = Release|Any CPU
		Release|ARM = Release|ARM
	EndGlobalSection
	GlobalSection(ProjectConfigurationPlatforms) = postSolution
		{A590D980-68B0-4CB7-8276-5745AF3E3199}.Debug|Any CPU.ActiveCfg = Debug|Any CPU
		{A590D980-68B0-4CB7-8276-5745AF3E3199}.Debug|Any CPU.Build.0 = Debug|Any CPU
		{A590D980-68B0-4CB7-8276-5745AF3E3199}.Debug|Any CPU.Deploy.0 = Debug|Any CPU
		{A590D980-68B0-4CB7-8276-5745AF3E3199}.Debug|ARM.ActiveCfg = Debug|Any CPU
		{A590D980-68B0-4CB7-8276-5745AF3E3199}.Debug|ARM.Build.0 = Debug|Any CPU
		{A590D980-68B0-4CB7-8276-5745AF3E3199}.Debug|ARM.Deploy.0 = Debug|Any CPU
		{A590D980-68B0-4CB7-8276-5745AF3E3199}.Release|Any CPU.ActiveCfg = Release|Any CPU
		{A590D980-68B0-4CB7-8276-5745AF3E3199}.Release|Any CPU.Build.0 = Release|Any CPU
		{A590D980-68B0-4CB7-8276-5745AF3E3199}.Release|Any CPU.Deploy.0 = Release|Any CPU
		{A590D980-68B0-4CB7-8276-5745AF3E3199}.Release|ARM.ActiveCfg = Release|Any CPU
		{A590D980-68B0-4CB7-8276-5745AF3E3199}.Release|ARM.Build.0 = Release|Any CPU
		{A590D980-68B0-4CB7-8276-5745AF3E3199}.Release|ARM.Deploy.0 = Release|Any CPU
		{BB56B9E6-2E31-4A62-81EE-170591DF84B1}.Debug|Any CPU.ActiveCfg = Debug|ARM
		{BB56B9E6-2E31-4A62-81EE-170591DF84B1}.Debug|Any CPU.Build.0 = Debug|ARM
		{BB56B9E6-2E31-4A62-81EE-170591DF84B1}.Debug|Any CPU.Deploy.0 = Debug|ARM
		{BB56B9E6-2E31-4A62-81EE-170591DF84B1}.Debug|ARM.ActiveCfg = Debug|ARM
		{BB56B9E6-2E31-4A62-81EE-170591DF84B1}.Debug|ARM.Build.0 = Debug|ARM
		{BB56B9E6-2E31-4A62-81EE-170591DF84B1}.Debug|ARM.Deploy.0 = Debug|ARM
		{BB56B9E6-2E31-4A62-81EE-170591DF84B1}.Release|Any CPU.ActiveCfg = Release|ARM
		{BB56B9E6-2E31-4A62-81EE-170591DF84B1}.Release|Any CPU.Build.0 = Release|ARM
		{BB56B9E6-2E31-4A62-81EE-170591DF84B1}.Release|Any CPU.Deploy.0 = Release|ARM
		{BB56B9E6-2E31-4A62-81EE-170591DF84B1}.Release|ARM.ActiveCfg = Release|ARM
		{BB56B9E6-2E31-4A62-81EE-170591DF84B1}.Release|ARM.Build.0 = Release|ARM
		{BB56B9E6-2E31-4A62-81EE-170591DF84B1}.Release|ARM.Deploy.0 = Release|ARM
	EndGlobalSection
	GlobalSection(SolutionProperties) = preSolution
		HideSolutionNode = FALSE
	EndGlobalSection
EndGlobal
